# THIS IS AN AUTOGENERATED FILE. DO NOT EDIT THIS FILE DIRECTLY.
# yarn lockfile v1


"@types/dotenv-flow@^3.0.0":
  version "3.2.0"
  resolved "https://registry.yarnpkg.com/@types/dotenv-flow/-/dotenv-flow-3.2.0.tgz#3a632bcb72d5a6fa770da644a1f63d69a6c7075e"
  integrity sha512-A79hbPwocbYkcTwGcDOFbKDuqyVo5mLAz/6Iq465YZ7R7Go5bT1PIM8I2jlPQkaD9u9fbotGVLkUPhX+9XUHfw==

"@types/node@14.0.4":
  version "14.0.4"
  resolved "https://registry.yarnpkg.com/@types/node/-/node-14.0.4.tgz#43a63fc5edce226bed106b31b875165256271107"
  integrity sha512-k3NqigXWRzQZVBDS5D1U70A5E8Qk4Kh+Ha/x4M8Bt9pF0X05eggfnC9+63Usc9Q928hRUIpIhTQaXsZwZBl4Ew==

dotenv-flow@^3.2.0:
  version "3.2.0"
  resolved "https://registry.yarnpkg.com/dotenv-flow/-/dotenv-flow-3.2.0.tgz#a5d79dd60ddb6843d457a4874aaf122cf659a8b7"
  integrity sha512-GEB6RrR4AbqDJvNSFrYHqZ33IKKbzkvLYiD5eo4+9aFXr4Y4G+QaFrB/fNp0y6McWBmvaPn3ZNjIufnj8irCtg==
  dependencies:
    dotenv "^8.0.0"

dotenv@^8.0.0:
  version "8.6.0"
  resolved "https://registry.yarnpkg.com/dotenv/-/dotenv-8.6.0.tgz#061af664d19f7f4d8fc6e4ff9b584ce237adcb8b"
  integrity sha512-IrPdXQsk2BbzvCBGBOTmmSH5SodmqZNt4ERAZDmW4CT+tL8VtvinqywuANaFu4bOMWki16nqf0e4oC0QIaDr/g==

typescript@4.9.3:
  version "4.9.3"
  resolved "https://registry.yarnpkg.com/typescript/-/typescript-4.9.3.tgz#3aea307c1746b8c384435d8ac36b8a2e580d85db"
  integrity sha512-CIfGzTelbKNEnLpLdGFgdyKhG23CKdKgQPOBc+OUNrkJ2vr+KSzsSV5kq5iWhEQbok+quxgGzrAtGWCyU7tHnA==
